
Microsoft Visual Studio Solution File, Format Version 12.00
# Visual Studio Version 17
VisualStudioVersion = 17.5.33516.290
MinimumVisualStudioVersion = 10.0.40219.1
Project("{8BC9CEB8-8B4A-11D0-8D11-00A0C91BC942}") = "merge_sort", "merge_sort.vcxproj", "{96858421-704A-48F4-AB16-61D8E9BDA3F7}"
EndProject
Project("{8BC9CEB8-8B4A-11D0-8D11-00A0C91BC942}") = "merge_sort_cpp", "..\merge_sort_cpp\merge_sort_cpp.vcxproj", "{27167D86-D268-411E-BE79-ADAF576C3FC5}"
EndProject
Project("{8BC9CEB8-8B4A-11D0-8D11-00A0C91BC942}") = "heap_sort", "..\heap_sort\heap_sort.vcxproj", "{BDECDDFF-E085-4381-9E3A-1EE377327962}"
EndProject
Global
	GlobalSection(SolutionConfigurationPlatforms) = preSolution
		Debug|x64 = Debug|x64
		Debug|x86 = Debug|x86
		Release|x64 = Release|x64
		Release|x86 = Release|x86
	EndGlobalSection
	GlobalSection(ProjectConfigurationPlatforms) = postSolution
		{96858421-704A-48F4-AB16-61D8E9BDA3F7}.Debug|x64.ActiveCfg = Debug|x64
		{96858421-704A-48F4-AB16-61D8E9BDA3F7}.Debug|x64.Build.0 = Debug|x64
		{96858421-704A-48F4-AB16-61D8E9BDA3F7}.Debug|x86.ActiveCfg = Debug|Win32
		{96858421-704A-48F4-AB16-61D8E9BDA3F7}.Debug|x86.Build.0 = Debug|Win32
		{96858421-704A-48F4-AB16-61D8E9BDA3F7}.Release|x64.ActiveCfg = Release|x64
		{96858421-704A-48F4-AB16-61D8E9BDA3F7}.Release|x64.Build.0 = Release|x64
		{96858421-704A-48F4-AB16-61D8E9BDA3F7}.Release|x86.ActiveCfg = Release|Win32
		{96858421-704A-48F4-AB16-61D8E9BDA3F7}.Release|x86.Build.0 = Release|Win32
		{27167D86-D268-411E-BE79-ADAF576C3FC5}.Debug|x64.ActiveCfg = Debug|x64
		{27167D86-D268-411E-BE79-ADAF576C3FC5}.Debug|x64.Build.0 = Debug|x64
		{27167D86-D268-411E-BE79-ADAF576C3FC5}.Debug|x86.ActiveCfg = Debug|Win32
		{27167D86-D268-411E-BE79-ADAF576C3FC5}.Debug|x86.Build.0 = Debug|Win32
		{27167D86-D268-411E-BE79-ADAF576C3FC5}.Release|x64.ActiveCfg = Release|x64
		{27167D86-D268-411E-BE79-ADAF576C3FC5}.Release|x64.Build.0 = Release|x64
		{27167D86-D268-411E-BE79-ADAF576C3FC5}.Release|x86.ActiveCfg = Release|Win32
		{27167D86-D268-411E-BE79-ADAF576C3FC5}.Release|x86.Build.0 = Release|Win32
		{BDECDDFF-E085-4381-9E3A-1EE377327962}.Debug|x64.ActiveCfg = Debug|x64
		{BDECDDFF-E085-4381-9E3A-1EE377327962}.Debug|x64.Build.0 = Debug|x64
		{BDECDDFF-E085-4381-9E3A-1EE377327962}.Debug|x86.ActiveCfg = Debug|Win32
		{BDECDDFF-E085-4381-9E3A-1EE377327962}.Debug|x86.Build.0 = Debug|Win32
		{BDECDDFF-E085-4381-9E3A-1EE377327962}.Release|x64.ActiveCfg = Release|x64
		{BDECDDFF-E085-4381-9E3A-1EE377327962}.Release|x64.Build.0 = Release|x64
		{BDECDDFF-E085-4381-9E3A-1EE377327962}.Release|x86.ActiveCfg = Release|Win32
		{BDECDDFF-E085-4381-9E3A-1EE377327962}.Release|x86.Build.0 = Release|Win32
	EndGlobalSection
	GlobalSection(SolutionProperties) = preSolution
		HideSolutionNode = FALSE
	EndGlobalSection
	GlobalSection(ExtensibilityGlobals) = postSolution
		SolutionGuid = {0E1694E7-9E2A-44D3-B663-4A376BCEBD17}
	EndGlobalSection
EndGlobal
